
Microsoft Visual Studio Solution File, Format Version 12.00
# Visual Studio Version 16
VisualStudioVersion = 16.0.31729.503
MinimumVisualStudioVersion = 10.0.40219.1
Project("{FAE04EC0-301F-11D3-BF4B-00C04F79EFBC}") = "WebApp", "WebApp\WebApp.csproj", "{31D684DB-8F25-4ADA-BA2C-B4D118DC9C14}"
EndProject
Global
	GlobalSection(SolutionConfigurationPlatforms) = preSolution
		Debug|Any CPU = Debug|Any CPU
		Release|Any CPU = Release|Any CPU
	EndGlobalSection
	GlobalSection(ProjectConfigurationPlatforms) = postSolution
		{31D684DB-8F25-4ADA-BA2C-B4D118DC9C14}.Debug|Any CPU.ActiveCfg = Debug|Any CPU
		{31D684DB-8F25-4ADA-BA2C-B4D118DC9C14}.Debug|Any CPU.Build.0 = Debug|Any CPU
		{31D684DB-8F25-4ADA-BA2C-B4D118DC9C14}.Release|Any CPU.ActiveCfg = Release|Any CPU
		{31D684DB-8F25-4ADA-BA2C-B4D118DC9C14}.Release|Any CPU.Build.0 = Release|Any CPU
	EndGlobalSection
	GlobalSection(SolutionProperties) = preSolution
		HideSolutionNode = FALSE
	EndGlobalSection
	GlobalSection(ExtensibilityGlobals) = postSolution
		SolutionGuid = {E5F72306-BFCD-42E8-9EBD-2217E868C5E6}
	EndGlobalSection
EndGlobal
