
Microsoft Visual Studio Solution File, Format Version 12.00
# Visual Studio Version 16
VisualStudioVersion = 16.0.31729.503
MinimumVisualStudioVersion = 10.0.40219.1
Project("{FAE04EC0-301F-11D3-BF4B-00C04F79EFBC}") = "WebApi", "WebApi\WebApi.csproj", "{51E90257-54A4-42AB-818F-704ADE299395}"
EndProject
Global
	GlobalSection(SolutionConfigurationPlatforms) = preSolution
		Debug|Any CPU = Debug|Any CPU
		Release|Any CPU = Release|Any CPU
	EndGlobalSection
	GlobalSection(ProjectConfigurationPlatforms) = postSolution
		{51E90257-54A4-42AB-818F-704ADE299395}.Debug|Any CPU.ActiveCfg = Debug|Any CPU
		{51E90257-54A4-42AB-818F-704ADE299395}.Debug|Any CPU.Build.0 = Debug|Any CPU
		{51E90257-54A4-42AB-818F-704ADE299395}.Release|Any CPU.ActiveCfg = Release|Any CPU
		{51E90257-54A4-42AB-818F-704ADE299395}.Release|Any CPU.Build.0 = Release|Any CPU
	EndGlobalSection
	GlobalSection(SolutionProperties) = preSolution
		HideSolutionNode = FALSE
	EndGlobalSection
	GlobalSection(ExtensibilityGlobals) = postSolution
		SolutionGuid = {DD6A13B0-1B28-431A-8250-4505255D3D4B}
	EndGlobalSection
EndGlobal
